// !$*UTF8*$!
{
	archiveVersion = 1;
	classes = {
	};
	objectVersion = 46;
	objects = {

/* Begin PBXBuildFile section */
		E1332ADF1BFE44FD00B95760 /* BusinessCell.swift in Sources */ = {isa = PBXBuildFile; fileRef = E1332ADE1BFE44FD00B95760 /* BusinessCell.swift */; };
		E14A654E1B54889200CFE979 /* CoreData.framework in Frameworks */ = {isa = PBXBuildFile; fileRef = E14A654D1B54889200CFE979 /* CoreData.framework */; };
		E14A65501B5488B200CFE979 /* AdSupport.framework in Frameworks */ = {isa = PBXBuildFile; fileRef = E14A654F1B5488B200CFE979 /* AdSupport.framework */; };
		E14A65521B5567F600CFE979 /* iAd.framework in Frameworks */ = {isa = PBXBuildFile; fileRef = E14A65511B5567F600CFE979 /* iAd.framework */; };
		E1678C6F1BDD92A400B324FE /* ReportsTableViewController.swift in Sources */ = {isa = PBXBuildFile; fileRef = E1678C6E1BDD92A400B324FE /* ReportsTableViewController.swift */; };
		E1A6C90E1BE2EAC80073CF2B /* DetailedReportViewController.swift in Sources */ = {isa = PBXBuildFile; fileRef = E1A6C90D1BE2EAC80073CF2B /* DetailedReportViewController.swift */; };
		E1AD92DE1B9780DC007F8D38 /* Vehicles+CoreDataProperties.swift in Sources */ = {isa = PBXBuildFile; fileRef = E1AD92D81B9780DC007F8D38 /* Vehicles+CoreDataProperties.swift */; };
		E1AD92DF1B9780DC007F8D38 /* Vehicles.swift in Sources */ = {isa = PBXBuildFile; fileRef = E1AD92D91B9780DC007F8D38 /* Vehicles.swift */; };
		E1AD92E01B9780DC007F8D38 /* Assets+CoreDataProperties.swift in Sources */ = {isa = PBXBuildFile; fileRef = E1AD92DA1B9780DC007F8D38 /* Assets+CoreDataProperties.swift */; };
		E1AD92E11B9780DC007F8D38 /* Assets.swift in Sources */ = {isa = PBXBuildFile; fileRef = E1AD92DB1B9780DC007F8D38 /* Assets.swift */; };
		E1AD92E21B9780DC007F8D38 /* Finances+CoreDataProperties.swift in Sources */ = {isa = PBXBuildFile; fileRef = E1AD92DC1B9780DC007F8D38 /* Finances+CoreDataProperties.swift */; };
		E1AD92E31B9780DC007F8D38 /* Finances.swift in Sources */ = {isa = PBXBuildFile; fileRef = E1AD92DD1B9780DC007F8D38 /* Finances.swift */; };
		E1AD92E51B9781CA007F8D38 /* CoreDataHandler.swift in Sources */ = {isa = PBXBuildFile; fileRef = E1AD92E41B9781CA007F8D38 /* CoreDataHandler.swift */; };
		E1AF18AE1B5480CA00686734 /* AppDelegate.swift in Sources */ = {isa = PBXBuildFile; fileRef = E1AF18AD1B5480CA00686734 /* AppDelegate.swift */; };
		E1AF18B01B5480CA00686734 /* ReportsViewController.swift in Sources */ = {isa = PBXBuildFile; fileRef = E1AF18AF1B5480CA00686734 /* ReportsViewController.swift */; };
		E1AF18B31B5480CA00686734 /* Main.storyboard in Resources */ = {isa = PBXBuildFile; fileRef = E1AF18B11B5480CA00686734 /* Main.storyboard */; };
		E1AF18B61B5480CA00686734 /* Business_Solutions.xcdatamodeld in Sources */ = {isa = PBXBuildFile; fileRef = E1AF18B41B5480CA00686734 /* Business_Solutions.xcdatamodeld */; };
		E1AF18B81B5480CA00686734 /* Assets.xcassets in Resources */ = {isa = PBXBuildFile; fileRef = E1AF18B71B5480CA00686734 /* Assets.xcassets */; };
		E1AF18BB1B5480CA00686734 /* LaunchScreen.storyboard in Resources */ = {isa = PBXBuildFile; fileRef = E1AF18B91B5480CA00686734 /* LaunchScreen.storyboard */; };
		E1D31B6D1B652A45004E33A9 /* AddDataViewController.swift in Sources */ = {isa = PBXBuildFile; fileRef = E1D31B6C1B652A45004E33A9 /* AddDataViewController.swift */; };
		E1D31B6F1B652C84004E33A9 /* MenuView.swift in Sources */ = {isa = PBXBuildFile; fileRef = E1D31B6E1B652C84004E33A9 /* MenuView.swift */; };
/* End PBXBuildFile section */

/* Begin PBXFileReference section */
		E1332ADE1BFE44FD00B95760 /* BusinessCell.swift */ = {isa = PBXFileReference; fileEncoding = 4; lastKnownFileType = sourcecode.swift; path = BusinessCell.swift; sourceTree = "<group>"; };
		E14A654D1B54889200CFE979 /* CoreData.framework */ = {isa = PBXFileReference; lastKnownFileType = wrapper.framework; name = CoreData.framework; path = System/Library/Frameworks/CoreData.framework; sourceTree = SDKROOT; };
		E14A654F1B5488B200CFE979 /* AdSupport.framework */ = {isa = PBXFileReference; lastKnownFileType = wrapper.framework; name = AdSupport.framework; path = System/Library/Frameworks/AdSupport.framework; sourceTree = SDKROOT; };
		E14A65511B5567F600CFE979 /* iAd.framework */ = {isa = PBXFileReference; lastKnownFileType = wrapper.framework; name = iAd.framework; path = System/Library/Frameworks/iAd.framework; sourceTree = SDKROOT; };
		E1678C6E1BDD92A400B324FE /* ReportsTableViewController.swift */ = {isa = PBXFileReference; fileEncoding = 4; lastKnownFileType = sourcecode.swift; path = ReportsTableViewController.swift; sourceTree = "<group>"; };
		E1A6C90D1BE2EAC80073CF2B /* DetailedReportViewController.swift */ = {isa = PBXFileReference; fileEncoding = 4; lastKnownFileType = sourcecode.swift; path = DetailedReportViewController.swift; sourceTree = "<group>"; };
		E1AD92D81B9780DC007F8D38 /* Vehicles+CoreDataProperties.swift */ = {isa = PBXFileReference; fileEncoding = 4; lastKnownFileType = sourcecode.swift; path = "Vehicles+CoreDataProperties.swift"; sourceTree = "<group>"; };
		E1AD92D91B9780DC007F8D38 /* Vehicles.swift */ = {isa = PBXFileReference; fileEncoding = 4; lastKnownFileType = sourcecode.swift; path = Vehicles.swift; sourceTree = "<group>"; };
		E1AD92DA1B9780DC007F8D38 /* Assets+CoreDataProperties.swift */ = {isa = PBXFileReference; fileEncoding = 4; lastKnownFileType = sourcecode.swift; path = "Assets+CoreDataProperties.swift"; sourceTree = "<group>"; };
		E1AD92DB1B9780DC007F8D38 /* Assets.swift */ = {isa = PBXFileReference; fileEncoding = 4; lastKnownFileType = sourcecode.swift; path = Assets.swift; sourceTree = "<group>"; };
		E1AD92DC1B9780DC007F8D38 /* Finances+CoreDataProperties.swift */ = {isa = PBXFileReference; fileEncoding = 4; lastKnownFileType = sourcecode.swift; path = "Finances+CoreDataProperties.swift"; sourceTree = "<group>"; };
		E1AD92DD1B9780DC007F8D38 /* Finances.swift */ = {isa = PBXFileReference; fileEncoding = 4; lastKnownFileType = sourcecode.swift; path = Finances.swift; sourceTree = "<group>"; };
		E1AD92E41B9781CA007F8D38 /* CoreDataHandler.swift */ = {isa = PBXFileReference; fileEncoding = 4; lastKnownFileType = sourcecode.swift; path = CoreDataHandler.swift; sourceTree = "<group>"; };
		E1AF18AA1B5480CA00686734 /* Business Solutions.app */ = {isa = PBXFileReference; explicitFileType = wrapper.application; includeInIndex = 0; path = "Business Solutions.app"; sourceTree = BUILT_PRODUCTS_DIR; };
		E1AF18AD1B5480CA00686734 /* AppDelegate.swift */ = {isa = PBXFileReference; lastKnownFileType = sourcecode.swift; path = AppDelegate.swift; sourceTree = "<group>"; };
		E1AF18AF1B5480CA00686734 /* ReportsViewController.swift */ = {isa = PBXFileReference; lastKnownFileType = sourcecode.swift; path = ReportsViewController.swift; sourceTree = "<group>"; };
		E1AF18B21B5480CA00686734 /* Base */ = {isa = PBXFileReference; lastKnownFileType = file.storyboard; name = Base; path = Base.lproj/Main.storyboard; sourceTree = "<group>"; };
		E1AF18B51B5480CA00686734 /* Business_Solutions.xcdatamodel */ = {isa = PBXFileReference; lastKnownFileType = wrapper.xcdatamodel; path = Business_Solutions.xcdatamodel; sourceTree = "<group>"; };
		E1AF18B71B5480CA00686734 /* Assets.xcassets */ = {isa = PBXFileReference; lastKnownFileType = folder.assetcatalog; path = Assets.xcassets; sourceTree = "<group>"; };
		E1AF18BA1B5480CA00686734 /* Base */ = {isa = PBXFileReference; lastKnownFileType = file.storyboard; name = Base; path = Base.lproj/LaunchScreen.storyboard; sourceTree = "<group>"; };
		E1AF18BC1B5480CA00686734 /* Info.plist */ = {isa = PBXFileReference; lastKnownFileType = text.plist.xml; path = Info.plist; sourceTree = "<group>"; };
		E1D31B6C1B652A45004E33A9 /* AddDataViewController.swift */ = {isa = PBXFileReference; fileEncoding = 4; lastKnownFileType = sourcecode.swift; path = AddDataViewController.swift; sourceTree = "<group>"; };
		E1D31B6E1B652C84004E33A9 /* MenuView.swift */ = {isa = PBXFileReference; fileEncoding = 4; lastKnownFileType = sourcecode.swift; path = MenuView.swift; sourceTree = "<group>"; };
/* End PBXFileReference section */

/* Begin PBXFrameworksBuildPhase section */
		E1AF18A71B5480CA00686734 /* Frameworks */ = {
			isa = PBXFrameworksBuildPhase;
			buildActionMask = 2147483647;
			files = (
				E14A65521B5567F600CFE979 /* iAd.framework in Frameworks */,
				E14A65501B5488B200CFE979 /* AdSupport.framework in Frameworks */,
				E14A654E1B54889200CFE979 /* CoreData.framework in Frameworks */,
			);
			runOnlyForDeploymentPostprocessing = 0;
		};
/* End PBXFrameworksBuildPhase section */

/* Begin PBXGroup section */
		E1678C6D1BDC564C00B324FE /* CoreData Files */ = {
			isa = PBXGroup;
			children = (
				E1AD92D81B9780DC007F8D38 /* Vehicles+CoreDataProperties.swift */,
				E1AD92D91B9780DC007F8D38 /* Vehicles.swift */,
				E1AD92DA1B9780DC007F8D38 /* Assets+CoreDataProperties.swift */,
				E1AD92DB1B9780DC007F8D38 /* Assets.swift */,
				E1AD92DC1B9780DC007F8D38 /* Finances+CoreDataProperties.swift */,
				E1AD92DD1B9780DC007F8D38 /* Finances.swift */,
				E1AD92E41B9781CA007F8D38 /* CoreDataHandler.swift */,
				E1AF18B41B5480CA00686734 /* Business_Solutions.xcdatamodeld */,
			);
			name = "CoreData Files";
			sourceTree = "<group>";
		};
		E1AF18A11B5480CA00686734 = {
			isa = PBXGroup;
			children = (
				E14A65511B5567F600CFE979 /* iAd.framework */,
				E14A654F1B5488B200CFE979 /* AdSupport.framework */,
				E14A654D1B54889200CFE979 /* CoreData.framework */,
				E1AF18AC1B5480CA00686734 /* Business Solutions */,
				E1AF18AB1B5480CA00686734 /* Products */,
			);
			sourceTree = "<group>";
		};
		E1AF18AB1B5480CA00686734 /* Products */ = {
			isa = PBXGroup;
			children = (
				E1AF18AA1B5480CA00686734 /* Business Solutions.app */,
			);
			name = Products;
			sourceTree = "<group>";
		};
		E1AF18AC1B5480CA00686734 /* Business Solutions */ = {
			isa = PBXGroup;
			children = (
				E1AF18AD1B5480CA00686734 /* AppDelegate.swift */,
				E1AF18AF1B5480CA00686734 /* ReportsViewController.swift */,
				E1AF18B11B5480CA00686734 /* Main.storyboard */,
				E1A6C90D1BE2EAC80073CF2B /* DetailedReportViewController.swift */,
				E1678C6E1BDD92A400B324FE /* ReportsTableViewController.swift */,
				E1332ADE1BFE44FD00B95760 /* BusinessCell.swift */,
				E1D31B6E1B652C84004E33A9 /* MenuView.swift */,
				E1D31B6C1B652A45004E33A9 /* AddDataViewController.swift */,
				E1678C6D1BDC564C00B324FE /* CoreData Files */,
				E1AF18B71B5480CA00686734 /* Assets.xcassets */,
				E1AF18B91B5480CA00686734 /* LaunchScreen.storyboard */,
				E1AF18BC1B5480CA00686734 /* Info.plist */,
			);
			path = "Business Solutions";
			sourceTree = "<group>";
		};
/* End PBXGroup section */

/* Begin PBXNativeTarget section */
		E1AF18A91B5480CA00686734 /* Business Solutions */ = {
			isa = PBXNativeTarget;
			buildConfigurationList = E1AF18D51B5480CB00686734 /* Build configuration list for PBXNativeTarget "Business Solutions" */;
			buildPhases = (
				E1AF18A61B5480CA00686734 /* Sources */,
				E1AF18A71B5480CA00686734 /* Frameworks */,
				E1AF18A81B5480CA00686734 /* Resources */,
			);
			buildRules = (
			);
			dependencies = (
			);
			name = "Business Solutions";
			productName = "Business Solutions";
			productReference = E1AF18AA1B5480CA00686734 /* Business Solutions.app */;
			productType = "com.apple.product-type.application";
		};
/* End PBXNativeTarget section */

/* Begin PBXProject section */
		E1AF18A21B5480CA00686734 /* Project object */ = {
			isa = PBXProject;
			attributes = {
				LastSwiftUpdateCheck = 0710;
				LastUpgradeCheck = 0710;
				ORGANIZATIONNAME = "Timothy Transue";
				TargetAttributes = {
					E1AF18A91B5480CA00686734 = {
						CreatedOnToolsVersion = 7.0;
					};
				};
			};
			buildConfigurationList = E1AF18A51B5480CA00686734 /* Build configuration list for PBXProject "Business Solutions" */;
			compatibilityVersion = "Xcode 3.2";
			developmentRegion = English;
			hasScannedForEncodings = 0;
			knownRegions = (
				en,
				Base,
			);
			mainGroup = E1AF18A11B5480CA00686734;
			productRefGroup = E1AF18AB1B5480CA00686734 /* Products */;
			projectDirPath = "";
			projectRoot = "";
			targets = (
				E1AF18A91B5480CA00686734 /* Business Solutions */,
			);
		};
/* End PBXProject section */

/* Begin PBXResourcesBuildPhase section */
		E1AF18A81B5480CA00686734 /* Resources */ = {
			isa = PBXResourcesBuildPhase;
			buildActionMask = 2147483647;
			files = (
				E1AF18BB1B5480CA00686734 /* LaunchScreen.storyboard in Resources */,
				E1AF18B81B5480CA00686734 /* Assets.xcassets in Resources */,
				E1AF18B31B5480CA00686734 /* Main.storyboard in Resources */,
			);
			runOnlyForDeploymentPostprocessing = 0;
		};
/* End PBXResourcesBuildPhase section */

/* Begin PBXSourcesBuildPhase section */
		E1AF18A61B5480CA00686734 /* Sources */ = {
			isa = PBXSourcesBuildPhase;
			buildActionMask = 2147483647;
			files = (
				E1D31B6F1B652C84004E33A9 /* MenuView.swift in Sources */,
				E1AD92E51B9781CA007F8D38 /* CoreDataHandler.swift in Sources */,
				E1AD92E11B9780DC007F8D38 /* Assets.swift in Sources */,
				E1AF18B61B5480CA00686734 /* Business_Solutions.xcdatamodeld in Sources */,
				E1AD92E01B9780DC007F8D38 /* Assets+CoreDataProperties.swift in Sources */,
				E1332ADF1BFE44FD00B95760 /* BusinessCell.swift in Sources */,
				E1D31B6D1B652A45004E33A9 /* AddDataViewController.swift in Sources */,
				E1AD92E31B9780DC007F8D38 /* Finances.swift in Sources */,
				E1AF18B01B5480CA00686734 /* ReportsViewController.swift in Sources */,
				E1AD92E21B9780DC007F8D38 /* Finances+CoreDataProperties.swift in Sources */,
				E1AD92DE1B9780DC007F8D38 /* Vehicles+CoreDataProperties.swift in Sources */,
				E1A6C90E1BE2EAC80073CF2B /* DetailedReportViewController.swift in Sources */,
				E1678C6F1BDD92A400B324FE /* ReportsTableViewController.swift in Sources */,
				E1AD92DF1B9780DC007F8D38 /* Vehicles.swift in Sources */,
				E1AF18AE1B5480CA00686734 /* AppDelegate.swift in Sources */,
			);
			runOnlyForDeploymentPostprocessing = 0;
		};
/* End PBXSourcesBuildPhase section */

/* Begin PBXVariantGroup section */
		E1AF18B11B5480CA00686734 /* Main.storyboard */ = {
			isa = PBXVariantGroup;
			children = (
				E1AF18B21B5480CA00686734 /* Base */,
			);
			name = Main.storyboard;
			sourceTree = "<group>";
		};
		E1AF18B91B5480CA00686734 /* LaunchScreen.storyboard */ = {
			isa = PBXVariantGroup;
			children = (
				E1AF18BA1B5480CA00686734 /* Base */,
			);
			name = LaunchScreen.storyboard;
			sourceTree = "<group>";
		};
/* End PBXVariantGroup section */

/* Begin XCBuildConfiguration section */
		E1AF18D31B5480CB00686734 /* Debug */ = {
			isa = XCBuildConfiguration;
			buildSettings = {
				ALWAYS_SEARCH_USER_PATHS = NO;
				CLANG_CXX_LANGUAGE_STANDARD = "gnu++0x";
				CLANG_CXX_LIBRARY = "libc++";
				CLANG_ENABLE_MODULES = YES;
				CLANG_ENABLE_OBJC_ARC = YES;
				CLANG_WARN_BOOL_CONVERSION = YES;
				CLANG_WARN_CONSTANT_CONVERSION = YES;
				CLANG_WARN_DIRECT_OBJC_ISA_USAGE = YES_ERROR;
				CLANG_WARN_EMPTY_BODY = YES;
				CLANG_WARN_ENUM_CONVERSION = YES;
				CLANG_WARN_INT_CONVERSION = YES;
				CLANG_WARN_OBJC_ROOT_CLASS = YES_ERROR;
				CLANG_WARN_UNREACHABLE_CODE = YES;
				CLANG_WARN__DUPLICATE_METHOD_MATCH = YES;
				"CODE_SIGN_IDENTITY[sdk=iphoneos*]" = "iPhone Developer";
				COPY_PHASE_STRIP = NO;
				DEBUG_INFORMATION_FORMAT = dwarf;
				ENABLE_STRICT_OBJC_MSGSEND = YES;
				ENABLE_TESTABILITY = YES;
				GCC_C_LANGUAGE_STANDARD = gnu99;
				GCC_DYNAMIC_NO_PIC = NO;
				GCC_NO_COMMON_BLOCKS = YES;
				GCC_OPTIMIZATION_LEVEL = 0;
				GCC_PREPROCESSOR_DEFINITIONS = (
					"DEBUG=1",
					"$(inherited)",
				);
				GCC_WARN_64_TO_32_BIT_CONVERSION = YES;
				GCC_WARN_ABOUT_RETURN_TYPE = YES_ERROR;
				GCC_WARN_UNDECLARED_SELECTOR = YES;
				GCC_WARN_UNINITIALIZED_AUTOS = YES_AGGRESSIVE;
				GCC_WARN_UNUSED_FUNCTION = YES;
				GCC_WARN_UNUSED_VARIABLE = YES;
				IPHONEOS_DEPLOYMENT_TARGET = 9.0;
				MTL_ENABLE_DEBUG_INFO = YES;
				ONLY_ACTIVE_ARCH = YES;
				SDKROOT = iphoneos;
				SWIFT_OPTIMIZATION_LEVEL = "-Onone";
			};
			name = Debug;
		};
		E1AF18D41B5480CB00686734 /* Release */ = {
			isa = XCBuildConfiguration;
			buildSettings = {
				ALWAYS_SEARCH_USER_PATHS = NO;
				CLANG_CXX_LANGUAGE_STANDARD = "gnu++0x";
				CLANG_CXX_LIBRARY = "libc++";
				CLANG_ENABLE_MODULES = YES;
				CLANG_ENABLE_OBJC_ARC = YES;
				CLANG_WARN_BOOL_CONVERSION = YES;
				CLANG_WARN_CONSTANT_CONVERSION = YES;
				CLANG_WARN_DIRECT_OBJC_ISA_USAGE = YES_ERROR;
				CLANG_WARN_EMPTY_BODY = YES;
				CLANG_WARN_ENUM_CONVERSION = YES;
				CLANG_WARN_INT_CONVERSION = YES;
				CLANG_WARN_OBJC_ROOT_CLASS = YES_ERROR;
				CLANG_WARN_UNREACHABLE_CODE = YES;
				CLANG_WARN__DUPLICATE_METHOD_MATCH = YES;
				"CODE_SIGN_IDENTITY[sdk=iphoneos*]" = "iPhone Developer";
				COPY_PHASE_STRIP = NO;
				DEBUG_INFORMATION_FORMAT = "dwarf-with-dsym";
				ENABLE_NS_ASSERTIONS = NO;
				ENABLE_STRICT_OBJC_MSGSEND = YES;
				GCC_C_LANGUAGE_STANDARD = gnu99;
				GCC_NO_COMMON_BLOCKS = YES;
				GCC_WARN_64_TO_32_BIT_CONVERSION = YES;
				GCC_WARN_ABOUT_RETURN_TYPE = YES_ERROR;
				GCC_WARN_UNDECLARED_SELECTOR = YES;
				GCC_WARN_UNINITIALIZED_AUTOS = YES_AGGRESSIVE;
				GCC_WARN_UNUSED_FUNCTION = YES;
				GCC_WARN_UNUSED_VARIABLE = YES;
				IPHONEOS_DEPLOYMENT_TARGET = 9.0;
				MTL_ENABLE_DEBUG_INFO = NO;
				SDKROOT = iphoneos;
				VALIDATE_PRODUCT = YES;
			};
			name = Release;
		};
		E1AF18D61B5480CB00686734 /* Debug */ = {
			isa = XCBuildConfiguration;
			buildSettings = {
				ASSETCATALOG_COMPILER_APPICON_NAME = AppIcon;
				INFOPLIST_FILE = "Business Solutions/Info.plist";
				LD_RUNPATH_SEARCH_PATHS = "$(inherited) @executable_path/Frameworks";
				PRODUCT_BUNDLE_IDENTIFIER = "com.ceeteedevelopment.Business-Solutions";
				PRODUCT_NAME = "$(TARGET_NAME)";
				TARGETED_DEVICE_FAMILY = "1,2";
			};
			name = Debug;
		};
		E1AF18D71B5480CB00686734 /* Release */ = {
			isa = XCBuildConfiguration;
			buildSettings = {
				ASSETCATALOG_COMPILER_APPICON_NAME = AppIcon;
				INFOPLIST_FILE = "Business Solutions/Info.plist";
				LD_RUNPATH_SEARCH_PATHS = "$(inherited) @executable_path/Frameworks";
				PRODUCT_BUNDLE_IDENTIFIER = "com.ceeteedevelopment.Business-Solutions";
				PRODUCT_NAME = "$(TARGET_NAME)";
				TARGETED_DEVICE_FAMILY = "1,2";
			};
			name = Release;
		};
/* End XCBuildConfiguration section */

/* Begin XCConfigurationList section */
		E1AF18A51B5480CA00686734 /* Build configuration list for PBXProject "Business Solutions" */ = {
			isa = XCConfigurationList;
			buildConfigurations = (
				E1AF18D31B5480CB00686734 /* Debug */,
				E1AF18D41B5480CB00686734 /* Release */,
			);
			defaultConfigurationIsVisible = 0;
			defaultConfigurationName = Release;
		};
		E1AF18D51B5480CB00686734 /* Build configuration list for PBXNativeTarget "Business Solutions" */ = {
			isa = XCConfigurationList;
			buildConfigurations = (
				E1AF18D61B5480CB00686734 /* Debug */,
				E1AF18D71B5480CB00686734 /* Release */,
			);
			defaultConfigurationIsVisible = 0;
			defaultConfigurationName = Release;
		};
/* End XCConfigurationList section */

/* Begin XCVersionGroup section */
		E1AF18B41B5480CA00686734 /* Business_Solutions.xcdatamodeld */ = {
			isa = XCVersionGroup;
			children = (
				E1AF18B51B5480CA00686734 /* Business_Solutions.xcdatamodel */,
			);
			currentVersion = E1AF18B51B5480CA00686734 /* Business_Solutions.xcdatamodel */;
			path = Business_Solutions.xcdatamodeld;
			sourceTree = "<group>";
			versionGroupType = wrapper.xcdatamodel;
		};
/* End XCVersionGroup section */
	};
	rootObject = E1AF18A21B5480CA00686734 /* Project object */;
}
